// !$*UTF8*$!
{
	archiveVersion = 1;
	classes = {
	};
	objectVersion = 46;
	objects = {

/* Begin PBXBuildFile section */
		9F60BFEE1E69798C00DA69CE /* main.m in Sources */ = {isa = PBXBuildFile; fileRef = 9F60BFED1E69798C00DA69CE /* main.m */; };
		9F60BFF11E69798C00DA69CE /* AppDelegate.m in Sources */ = {isa = PBXBuildFile; fileRef = 9F60BFF01E69798C00DA69CE /* AppDelegate.m */; };
		9F60BFF41E69798C00DA69CE /* ViewController.m in Sources */ = {isa = PBXBuildFile; fileRef = 9F60BFF31E69798C00DA69CE /* ViewController.m */; };
		9F60BFF71E69798C00DA69CE /* Main.storyboard in Resources */ = {isa = PBXBuildFile; fileRef = 9F60BFF51E69798C00DA69CE /* Main.storyboard */; };
		9F60BFF91E69798C00DA69CE /* Assets.xcassets in Resources */ = {isa = PBXBuildFile; fileRef = 9F60BFF81E69798C00DA69CE /* Assets.xcassets */; };
		9F60BFFC1E69798C00DA69CE /* LaunchScreen.storyboard in Resources */ = {isa = PBXBuildFile; fileRef = 9F60BFFA1E69798C00DA69CE /* LaunchScreen.storyboard */; };
		9F60C0061E697A6200DA69CE /* Reachability.m in Sources */ = {isa = PBXBuildFile; fileRef = 9F60C0051E697A6200DA69CE /* Reachability.m */; };
		9F60C0091E697ACD00DA69CE /* ZYInterceptorWithNetwork.m in Sources */ = {isa = PBXBuildFile; fileRef = 9F60C0081E697ACD00DA69CE /* ZYInterceptorWithNetwork.m */; };
		9F60C0101E697E5C00DA69CE /* Aspects.m in Sources */ = {isa = PBXBuildFile; fileRef = 9F60C00B1E697E5C00DA69CE /* Aspects.m */; };
		9F60C0151E697F8100DA69CE /* UIViewController+ZYIimit.m in Sources */ = {isa = PBXBuildFile; fileRef = 9F60C0141E697F8100DA69CE /* UIViewController+ZYIimit.m */; };
		9F60C0181E698E9300DA69CE /* ZYSecondViewController.m in Sources */ = {isa = PBXBuildFile; fileRef = 9F60C0171E698E9300DA69CE /* ZYSecondViewController.m */; };
		9F60C01B1E698EA900DA69CE /* ZYThreeViewController.m in Sources */ = {isa = PBXBuildFile; fileRef = 9F60C01A1E698EA900DA69CE /* ZYThreeViewController.m */; };
/* End PBXBuildFile section */

/* Begin PBXFileReference section */
		9F60BFE91E69798C00DA69CE /* Interceptor.app */ = {isa = PBXFileReference; explicitFileType = wrapper.application; includeInIndex = 0; path = Interceptor.app; sourceTree = BUILT_PRODUCTS_DIR; };
		9F60BFED1E69798C00DA69CE /* main.m */ = {isa = PBXFileReference; lastKnownFileType = sourcecode.c.objc; path = main.m; sourceTree = "<group>"; };
		9F60BFEF1E69798C00DA69CE /* AppDelegate.h */ = {isa = PBXFileReference; lastKnownFileType = sourcecode.c.h; path = AppDelegate.h; sourceTree = "<group>"; };
		9F60BFF01E69798C00DA69CE /* AppDelegate.m */ = {isa = PBXFileReference; lastKnownFileType = sourcecode.c.objc; path = AppDelegate.m; sourceTree = "<group>"; };
		9F60BFF21E69798C00DA69CE /* ViewController.h */ = {isa = PBXFileReference; lastKnownFileType = sourcecode.c.h; path = ViewController.h; sourceTree = "<group>"; };
		9F60BFF31E69798C00DA69CE /* ViewController.m */ = {isa = PBXFileReference; lastKnownFileType = sourcecode.c.objc; path = ViewController.m; sourceTree = "<group>"; };
		9F60BFF61E69798C00DA69CE /* Base */ = {isa = PBXFileReference; lastKnownFileType = file.storyboard; name = Base; path = Base.lproj/Main.storyboard; sourceTree = "<group>"; };
		9F60BFF81E69798C00DA69CE /* Assets.xcassets */ = {isa = PBXFileReference; lastKnownFileType = folder.assetcatalog; path = Assets.xcassets; sourceTree = "<group>"; };
		9F60BFFB1E69798C00DA69CE /* Base */ = {isa = PBXFileReference; lastKnownFileType = file.storyboard; name = Base; path = Base.lproj/LaunchScreen.storyboard; sourceTree = "<group>"; };
		9F60BFFD1E69798C00DA69CE /* Info.plist */ = {isa = PBXFileReference; lastKnownFileType = text.plist.xml; path = Info.plist; sourceTree = "<group>"; };
		9F60C0041E697A6200DA69CE /* Reachability.h */ = {isa = PBXFileReference; fileEncoding = 4; lastKnownFileType = sourcecode.c.h; path = Reachability.h; sourceTree = "<group>"; };
		9F60C0051E697A6200DA69CE /* Reachability.m */ = {isa = PBXFileReference; fileEncoding = 4; lastKnownFileType = sourcecode.c.objc; path = Reachability.m; sourceTree = "<group>"; };
		9F60C0071E697ACD00DA69CE /* ZYInterceptorWithNetwork.h */ = {isa = PBXFileReference; fileEncoding = 4; lastKnownFileType = sourcecode.c.h; path = ZYInterceptorWithNetwork.h; sourceTree = "<group>"; };
		9F60C0081E697ACD00DA69CE /* ZYInterceptorWithNetwork.m */ = {isa = PBXFileReference; fileEncoding = 4; lastKnownFileType = sourcecode.c.objc; path = ZYInterceptorWithNetwork.m; sourceTree = "<group>"; };
		9F60C00A1E697E5C00DA69CE /* Aspects.h */ = {isa = PBXFileReference; fileEncoding = 4; lastKnownFileType = sourcecode.c.h; path = Aspects.h; sourceTree = "<group>"; };
		9F60C00B1E697E5C00DA69CE /* Aspects.m */ = {isa = PBXFileReference; fileEncoding = 4; lastKnownFileType = sourcecode.c.objc; path = Aspects.m; sourceTree = "<group>"; };
		9F60C0131E697F8100DA69CE /* UIViewController+ZYIimit.h */ = {isa = PBXFileReference; fileEncoding = 4; lastKnownFileType = sourcecode.c.h; path = "UIViewController+ZYIimit.h"; sourceTree = "<group>"; };
		9F60C0141E697F8100DA69CE /* UIViewController+ZYIimit.m */ = {isa = PBXFileReference; fileEncoding = 4; lastKnownFileType = sourcecode.c.objc; path = "UIViewController+ZYIimit.m"; sourceTree = "<group>"; };
		9F60C0161E698E9300DA69CE /* ZYSecondViewController.h */ = {isa = PBXFileReference; fileEncoding = 4; lastKnownFileType = sourcecode.c.h; path = ZYSecondViewController.h; sourceTree = "<group>"; };
		9F60C0171E698E9300DA69CE /* ZYSecondViewController.m */ = {isa = PBXFileReference; fileEncoding = 4; lastKnownFileType = sourcecode.c.objc; path = ZYSecondViewController.m; sourceTree = "<group>"; };
		9F60C0191E698EA900DA69CE /* ZYThreeViewController.h */ = {isa = PBXFileReference; fileEncoding = 4; lastKnownFileType = sourcecode.c.h; path = ZYThreeViewController.h; sourceTree = "<group>"; };
		9F60C01A1E698EA900DA69CE /* ZYThreeViewController.m */ = {isa = PBXFileReference; fileEncoding = 4; lastKnownFileType = sourcecode.c.objc; path = ZYThreeViewController.m; sourceTree = "<group>"; };
/* End PBXFileReference section */

/* Begin PBXFrameworksBuildPhase section */
		9F60BFE61E69798C00DA69CE /* Frameworks */ = {
			isa = PBXFrameworksBuildPhase;
			buildActionMask = 2147483647;
			files = (
			);
			runOnlyForDeploymentPostprocessing = 0;
		};
/* End PBXFrameworksBuildPhase section */

/* Begin PBXGroup section */
		9F60BFE01E69798C00DA69CE = {
			isa = PBXGroup;
			children = (
				9F60BFEB1E69798C00DA69CE /* Interceptor */,
				9F60BFEA1E69798C00DA69CE /* Products */,
			);
			sourceTree = "<group>";
		};
		9F60BFEA1E69798C00DA69CE /* Products */ = {
			isa = PBXGroup;
			children = (
				9F60BFE91E69798C00DA69CE /* Interceptor.app */,
			);
			name = Products;
			sourceTree = "<group>";
		};
		9F60BFEB1E69798C00DA69CE /* Interceptor */ = {
			isa = PBXGroup;
			children = (
				9F60C0031E697A4600DA69CE /* Interceptor */,
				9F60BFEF1E69798C00DA69CE /* AppDelegate.h */,
				9F60BFF01E69798C00DA69CE /* AppDelegate.m */,
				9F60BFF21E69798C00DA69CE /* ViewController.h */,
				9F60BFF31E69798C00DA69CE /* ViewController.m */,
				9F60BFF51E69798C00DA69CE /* Main.storyboard */,
				9F60BFF81E69798C00DA69CE /* Assets.xcassets */,
				9F60BFFA1E69798C00DA69CE /* LaunchScreen.storyboard */,
				9F60BFFD1E69798C00DA69CE /* Info.plist */,
				9F60BFEC1E69798C00DA69CE /* Supporting Files */,
				9F60C0161E698E9300DA69CE /* ZYSecondViewController.h */,
				9F60C0171E698E9300DA69CE /* ZYSecondViewController.m */,
				9F60C0191E698EA900DA69CE /* ZYThreeViewController.h */,
				9F60C01A1E698EA900DA69CE /* ZYThreeViewController.m */,
			);
			path = Interceptor;
			sourceTree = "<group>";
		};
		9F60BFEC1E69798C00DA69CE /* Supporting Files */ = {
			isa = PBXGroup;
			children = (
				9F60BFED1E69798C00DA69CE /* main.m */,
			);
			name = "Supporting Files";
			sourceTree = "<group>";
		};
		9F60C0031E697A4600DA69CE /* Interceptor */ = {
			isa = PBXGroup;
			children = (
				9F60C0071E697ACD00DA69CE /* ZYInterceptorWithNetwork.h */,
				9F60C0081E697ACD00DA69CE /* ZYInterceptorWithNetwork.m */,
				9F60C00A1E697E5C00DA69CE /* Aspects.h */,
				9F60C00B1E697E5C00DA69CE /* Aspects.m */,
				9F60C0041E697A6200DA69CE /* Reachability.h */,
				9F60C0051E697A6200DA69CE /* Reachability.m */,
				9F60C0131E697F8100DA69CE /* UIViewController+ZYIimit.h */,
				9F60C0141E697F8100DA69CE /* UIViewController+ZYIimit.m */,
			);
			path = Interceptor;
			sourceTree = "<group>";
		};
/* End PBXGroup section */

/* Begin PBXNativeTarget section */
		9F60BFE81E69798C00DA69CE /* Interceptor */ = {
			isa = PBXNativeTarget;
			buildConfigurationList = 9F60C0001E69798C00DA69CE /* Build configuration list for PBXNativeTarget "Interceptor" */;
			buildPhases = (
				9F60BFE51E69798C00DA69CE /* Sources */,
				9F60BFE61E69798C00DA69CE /* Frameworks */,
				9F60BFE71E69798C00DA69CE /* Resources */,
			);
			buildRules = (
			);
			dependencies = (
			);
			name = Interceptor;
			productName = Interceptor;
			productReference = 9F60BFE91E69798C00DA69CE /* Interceptor.app */;
			productType = "com.apple.product-type.application";
		};
/* End PBXNativeTarget section */

/* Begin PBXProject section */
		9F60BFE11E69798C00DA69CE /* Project object */ = {
			isa = PBXProject;
			attributes = {
				LastUpgradeCheck = 0810;
				ORGANIZATIONNAME = Apple;
				TargetAttributes = {
					9F60BFE81E69798C00DA69CE = {
						CreatedOnToolsVersion = 8.1;
						DevelopmentTeam = 48J8UJB93W;
						ProvisioningStyle = Automatic;
					};
				};
			};
			buildConfigurationList = 9F60BFE41E69798C00DA69CE /* Build configuration list for PBXProject "Interceptor" */;
			compatibilityVersion = "Xcode 3.2";
			developmentRegion = English;
			hasScannedForEncodings = 0;
			knownRegions = (
				en,
				Base,
			);
			mainGroup = 9F60BFE01E69798C00DA69CE;
			productRefGroup = 9F60BFEA1E69798C00DA69CE /* Products */;
			projectDirPath = "";
			projectRoot = "";
			targets = (
				9F60BFE81E69798C00DA69CE /* Interceptor */,
			);
		};
/* End PBXProject section */

/* Begin PBXResourcesBuildPhase section */
		9F60BFE71E69798C00DA69CE /* Resources */ = {
			isa = PBXResourcesBuildPhase;
			buildActionMask = 2147483647;
			files = (
				9F60BFFC1E69798C00DA69CE /* LaunchScreen.storyboard in Resources */,
				9F60BFF91E69798C00DA69CE /* Assets.xcassets in Resources */,
				9F60BFF71E69798C00DA69CE /* Main.storyboard in Resources */,
			);
			runOnlyForDeploymentPostprocessing = 0;
		};
/* End PBXResourcesBuildPhase section */

/* Begin PBXSourcesBuildPhase section */
		9F60BFE51E69798C00DA69CE /* Sources */ = {
			isa = PBXSourcesBuildPhase;
			buildActionMask = 2147483647;
			files = (
				9F60BFF41E69798C00DA69CE /* ViewController.m in Sources */,
				9F60C01B1E698EA900DA69CE /* ZYThreeViewController.m in Sources */,
				9F60C0181E698E9300DA69CE /* ZYSecondViewController.m in Sources */,
				9F60C0091E697ACD00DA69CE /* ZYInterceptorWithNetwork.m in Sources */,
				9F60BFF11E69798C00DA69CE /* AppDelegate.m in Sources */,
				9F60C0151E697F8100DA69CE /* UIViewController+ZYIimit.m in Sources */,
				9F60C0061E697A6200DA69CE /* Reachability.m in Sources */,
				9F60BFEE1E69798C00DA69CE /* main.m in Sources */,
				9F60C0101E697E5C00DA69CE /* Aspects.m in Sources */,
			);
			runOnlyForDeploymentPostprocessing = 0;
		};
/* End PBXSourcesBuildPhase section */

/* Begin PBXVariantGroup section */
		9F60BFF51E69798C00DA69CE /* Main.storyboard */ = {
			isa = PBXVariantGroup;
			children = (
				9F60BFF61E69798C00DA69CE /* Base */,
			);
			name = Main.storyboard;
			sourceTree = "<group>";
		};
		9F60BFFA1E69798C00DA69CE /* LaunchScreen.storyboard */ = {
			isa = PBXVariantGroup;
			children = (
				9F60BFFB1E69798C00DA69CE /* Base */,
			);
			name = LaunchScreen.storyboard;
			sourceTree = "<group>";
		};
/* End PBXVariantGroup section */

/* Begin XCBuildConfiguration section */
		9F60BFFE1E69798C00DA69CE /* Debug */ = {
			isa = XCBuildConfiguration;
			buildSettings = {
				ALWAYS_SEARCH_USER_PATHS = NO;
				CLANG_ANALYZER_NONNULL = YES;
				CLANG_CXX_LANGUAGE_STANDARD = "gnu++0x";
				CLANG_CXX_LIBRARY = "libc++";
				CLANG_ENABLE_MODULES = YES;
				CLANG_ENABLE_OBJC_ARC = YES;
				CLANG_WARN_BOOL_CONVERSION = YES;
				CLANG_WARN_CONSTANT_CONVERSION = YES;
				CLANG_WARN_DIRECT_OBJC_ISA_USAGE = YES_ERROR;
				CLANG_WARN_DOCUMENTATION_COMMENTS = YES;
				CLANG_WARN_EMPTY_BODY = YES;
				CLANG_WARN_ENUM_CONVERSION = YES;
				CLANG_WARN_INFINITE_RECURSION = YES;
				CLANG_WARN_INT_CONVERSION = YES;
				CLANG_WARN_OBJC_ROOT_CLASS = YES_ERROR;
				CLANG_WARN_SUSPICIOUS_MOVES = YES;
				CLANG_WARN_UNREACHABLE_CODE = YES;
				CLANG_WARN__DUPLICATE_METHOD_MATCH = YES;
				"CODE_SIGN_IDENTITY[sdk=iphoneos*]" = "iPhone Developer";
				COPY_PHASE_STRIP = NO;
				DEBUG_INFORMATION_FORMAT = dwarf;
				ENABLE_STRICT_OBJC_MSGSEND = YES;
				ENABLE_TESTABILITY = YES;
				GCC_C_LANGUAGE_STANDARD = gnu99;
				GCC_DYNAMIC_NO_PIC = NO;
				GCC_NO_COMMON_BLOCKS = YES;
				GCC_OPTIMIZATION_LEVEL = 0;
				GCC_PREPROCESSOR_DEFINITIONS = (
					"DEBUG=1",
					"$(inherited)",
				);
				GCC_WARN_64_TO_32_BIT_CONVERSION = YES;
				GCC_WARN_ABOUT_RETURN_TYPE = YES_ERROR;
				GCC_WARN_UNDECLARED_SELECTOR = YES;
				GCC_WARN_UNINITIALIZED_AUTOS = YES_AGGRESSIVE;
				GCC_WARN_UNUSED_FUNCTION = YES;
				GCC_WARN_UNUSED_VARIABLE = YES;
				IPHONEOS_DEPLOYMENT_TARGET = 10.1;
				MTL_ENABLE_DEBUG_INFO = YES;
				ONLY_ACTIVE_ARCH = YES;
				SDKROOT = iphoneos;
				TARGETED_DEVICE_FAMILY = "1,2";
			};
			name = Debug;
		};
		9F60BFFF1E69798C00DA69CE /* Release */ = {
			isa = XCBuildConfiguration;
			buildSettings = {
				ALWAYS_SEARCH_USER_PATHS = NO;
				CLANG_ANALYZER_NONNULL = YES;
				CLANG_CXX_LANGUAGE_STANDARD = "gnu++0x";
				CLANG_CXX_LIBRARY = "libc++";
				CLANG_ENABLE_MODULES = YES;
				CLANG_ENABLE_OBJC_ARC = YES;
				CLANG_WARN_BOOL_CONVERSION = YES;
				CLANG_WARN_CONSTANT_CONVERSION = YES;
				CLANG_WARN_DIRECT_OBJC_ISA_USAGE = YES_ERROR;
				CLANG_WARN_DOCUMENTATION_COMMENTS = YES;
				CLANG_WARN_EMPTY_BODY = YES;
				CLANG_WARN_ENUM_CONVERSION = YES;
				CLANG_WARN_INFINITE_RECURSION = YES;
				CLANG_WARN_INT_CONVERSION = YES;
				CLANG_WARN_OBJC_ROOT_CLASS = YES_ERROR;
				CLANG_WARN_SUSPICIOUS_MOVES = YES;
				CLANG_WARN_UNREACHABLE_CODE = YES;
				CLANG_WARN__DUPLICATE_METHOD_MATCH = YES;
				"CODE_SIGN_IDENTITY[sdk=iphoneos*]" = "iPhone Developer";
				COPY_PHASE_STRIP = NO;
				DEBUG_INFORMATION_FORMAT = "dwarf-with-dsym";
				ENABLE_NS_ASSERTIONS = NO;
				ENABLE_STRICT_OBJC_MSGSEND = YES;
				GCC_C_LANGUAGE_STANDARD = gnu99;
				GCC_NO_COMMON_BLOCKS = YES;
				GCC_WARN_64_TO_32_BIT_CONVERSION = YES;
				GCC_WARN_ABOUT_RETURN_TYPE = YES_ERROR;
				GCC_WARN_UNDECLARED_SELECTOR = YES;
				GCC_WARN_UNINITIALIZED_AUTOS = YES_AGGRESSIVE;
				GCC_WARN_UNUSED_FUNCTION = YES;
				GCC_WARN_UNUSED_VARIABLE = YES;
				IPHONEOS_DEPLOYMENT_TARGET = 10.1;
				MTL_ENABLE_DEBUG_INFO = NO;
				SDKROOT = iphoneos;
				TARGETED_DEVICE_FAMILY = "1,2";
				VALIDATE_PRODUCT = YES;
			};
			name = Release;
		};
		9F60C0011E69798C00DA69CE /* Debug */ = {
			isa = XCBuildConfiguration;
			buildSettings = {
				ASSETCATALOG_COMPILER_APPICON_NAME = AppIcon;
				DEVELOPMENT_TEAM = 48J8UJB93W;
				INFOPLIST_FILE = Interceptor/Info.plist;
				IPHONEOS_DEPLOYMENT_TARGET = 8.4;
				LD_RUNPATH_SEARCH_PATHS = "$(inherited) @executable_path/Frameworks";
				PRODUCT_BUNDLE_IDENTIFIER = LF.Interceptor;
				PRODUCT_NAME = "$(TARGET_NAME)";
			};
			name = Debug;
		};
		9F60C0021E69798C00DA69CE /* Release */ = {
			isa = XCBuildConfiguration;
			buildSettings = {
				ASSETCATALOG_COMPILER_APPICON_NAME = AppIcon;
				DEVELOPMENT_TEAM = 48J8UJB93W;
				INFOPLIST_FILE = Interceptor/Info.plist;
				IPHONEOS_DEPLOYMENT_TARGET = 8.4;
				LD_RUNPATH_SEARCH_PATHS = "$(inherited) @executable_path/Frameworks";
				PRODUCT_BUNDLE_IDENTIFIER = LF.Interceptor;
				PRODUCT_NAME = "$(TARGET_NAME)";
			};
			name = Release;
		};
/* End XCBuildConfiguration section */

/* Begin XCConfigurationList section */
		9F60BFE41E69798C00DA69CE /* Build configuration list for PBXProject "Interceptor" */ = {
			isa = XCConfigurationList;
			buildConfigurations = (
				9F60BFFE1E69798C00DA69CE /* Debug */,
				9F60BFFF1E69798C00DA69CE /* Release */,
			);
			defaultConfigurationIsVisible = 0;
			defaultConfigurationName = Release;
		};
		9F60C0001E69798C00DA69CE /* Build configuration list for PBXNativeTarget "Interceptor" */ = {
			isa = XCConfigurationList;
			buildConfigurations = (
				9F60C0011E69798C00DA69CE /* Debug */,
				9F60C0021E69798C00DA69CE /* Release */,
			);
			defaultConfigurationIsVisible = 0;
		};
/* End XCConfigurationList section */
	};
	rootObject = 9F60BFE11E69798C00DA69CE /* Project object */;
}
